
Microsoft Visual Studio Solution File, Format Version 12.00
# Visual Studio Version 17
VisualStudioVersion = 17.4.33213.308
MinimumVisualStudioVersion = 10.0.40219.1
Project("{FAE04EC0-301F-11D3-BF4B-00C04F79EFBC}") = "CourseWorkRebuild", "CourseWorkRebuild\CourseWorkRebuild.csproj", "{D291D398-F5CE-4F5C-A724-6AE006A87E33}"
EndProject
Global
	GlobalSection(SolutionConfigurationPlatforms) = preSolution
		Debug|Any CPU = Debug|Any CPU
		Release|Any CPU = Release|Any CPU
	EndGlobalSection
	GlobalSection(ProjectConfigurationPlatforms) = postSolution
		{D291D398-F5CE-4F5C-A724-6AE006A87E33}.Debug|Any CPU.ActiveCfg = Debug|Any CPU
		{D291D398-F5CE-4F5C-A724-6AE006A87E33}.Debug|Any CPU.Build.0 = Debug|Any CPU
		{D291D398-F5CE-4F5C-A724-6AE006A87E33}.Release|Any CPU.ActiveCfg = Release|Any CPU
		{D291D398-F5CE-4F5C-A724-6AE006A87E33}.Release|Any CPU.Build.0 = Release|Any CPU
	EndGlobalSection
	GlobalSection(SolutionProperties) = preSolution
		HideSolutionNode = FALSE
	EndGlobalSection
	GlobalSection(ExtensibilityGlobals) = postSolution
		SolutionGuid = {159587C2-7A77-4B87-961A-5309EA8CA2F4}
	EndGlobalSection
EndGlobal
